
Microsoft Visual Studio Solution File, Format Version 12.00
# Visual Studio Version 16
VisualStudioVersion = 16.0.29920.165
MinimumVisualStudioVersion = 10.0.40219.1
Project("{FAE04EC0-301F-11D3-BF4B-00C04F79EFBC}") = "ConsoleApp6", "ConsoleApp6\ConsoleApp6.csproj", "{D61CB861-8E35-4287-AF34-85D20EB11DA0}"
EndProject
Global
	GlobalSection(SolutionConfigurationPlatforms) = preSolution
		Debug|Any CPU = Debug|Any CPU
		Release|Any CPU = Release|Any CPU
	EndGlobalSection
	GlobalSection(ProjectConfigurationPlatforms) = postSolution
		{D61CB861-8E35-4287-AF34-85D20EB11DA0}.Debug|Any CPU.ActiveCfg = Debug|Any CPU
		{D61CB861-8E35-4287-AF34-85D20EB11DA0}.Debug|Any CPU.Build.0 = Debug|Any CPU
		{D61CB861-8E35-4287-AF34-85D20EB11DA0}.Release|Any CPU.ActiveCfg = Release|Any CPU
		{D61CB861-8E35-4287-AF34-85D20EB11DA0}.Release|Any CPU.Build.0 = Release|Any CPU
	EndGlobalSection
	GlobalSection(SolutionProperties) = preSolution
		HideSolutionNode = FALSE
	EndGlobalSection
	GlobalSection(ExtensibilityGlobals) = postSolution
		SolutionGuid = {B2BC8AB9-B30B-4525-B382-A5C2ECD7F0C4}
	EndGlobalSection
EndGlobal
